// !$*UTF8*$!
{
	archiveVersion = 1;
	classes = {
	};
	objectVersion = 56;
	objects = {

/* Begin PBXBuildFile section */
		804F79A02D2EC6D500F25083 /* WatchKit_test Watch App.app in Embed Watch Content */ = {isa = PBXBuildFile; fileRef = 804F799F2D2EC6D500F25083 /* WatchKit_test Watch App.app */; settings = {ATTRIBUTES = (RemoveHeadersOnCopy, ); }; };
		804F79A52D2EC6D500F25083 /* WatchKit_testApp.swift in Sources */ = {isa = PBXBuildFile; fileRef = 804F79A42D2EC6D500F25083 /* WatchKit_testApp.swift */; };
		804F79A72D2EC6D500F25083 /* ContentView.swift in Sources */ = {isa = PBXBuildFile; fileRef = 804F79A62D2EC6D500F25083 /* ContentView.swift */; };
		804F79A92D2EC71900F25083 /* Assets.xcassets in Resources */ = {isa = PBXBuildFile; fileRef = 804F79A82D2EC71900F25083 /* Assets.xcassets */; };
		804F79AC2D2EC71900F25083 /* Preview Assets.xcassets in Resources */ = {isa = PBXBuildFile; fileRef = 804F79AB2D2EC71900F25083 /* Preview Assets.xcassets */; };
/* End PBXBuildFile section */

/* Begin PBXContainerItemProxy section */
		804F79A12D2EC6D500F25083 /* PBXContainerItemProxy */ = {
			isa = PBXContainerItemProxy;
			containerPortal = 804F79932D2EC6D400F25083 /* Project object */;
			proxyType = 1;
			remoteGlobalIDString = 804F799E2D2EC6D500F25083;
			remoteInfo = "WatchKit_test Watch App";
		};
/* End PBXContainerItemProxy section */

/* Begin PBXCopyFilesBuildPhase section */
		804F79B22D2EC71A00F25083 /* Embed Watch Content */ = {
			isa = PBXCopyFilesBuildPhase;
			buildActionMask = 8;
			dstPath = "$(CONTENTS_FOLDER_PATH)/Watch";
			dstSubfolderSpec = 16;
			files = (
				804F79A02D2EC6D500F25083 /* WatchKit_test Watch App.app in Embed Watch Content */,
			);
			name = "Embed Watch Content";
			runOnlyForDeploymentPostprocessing = 1;
		};
/* End PBXCopyFilesBuildPhase section */

/* Begin PBXFileReference section */
		804F79992D2EC6D500F25083 /* WatchKit_test.app */ = {isa = PBXFileReference; explicitFileType = wrapper.application; includeInIndex = 0; path = WatchKit_test.app; sourceTree = BUILT_PRODUCTS_DIR; };
		804F799F2D2EC6D500F25083 /* WatchKit_test Watch App.app */ = {isa = PBXFileReference; explicitFileType = wrapper.application; includeInIndex = 0; path = "WatchKit_test Watch App.app"; sourceTree = BUILT_PRODUCTS_DIR; };
		804F79A42D2EC6D500F25083 /* WatchKit_testApp.swift */ = {isa = PBXFileReference; lastKnownFileType = sourcecode.swift; path = WatchKit_testApp.swift; sourceTree = "<group>"; };
		804F79A62D2EC6D500F25083 /* ContentView.swift */ = {isa = PBXFileReference; lastKnownFileType = sourcecode.swift; path = ContentView.swift; sourceTree = "<group>"; };
		804F79A82D2EC71900F25083 /* Assets.xcassets */ = {isa = PBXFileReference; lastKnownFileType = folder.assetcatalog; path = Assets.xcassets; sourceTree = "<group>"; };
		804F79AB2D2EC71900F25083 /* Preview Assets.xcassets */ = {isa = PBXFileReference; lastKnownFileType = folder.assetcatalog; path = "Preview Assets.xcassets"; sourceTree = "<group>"; };
/* End PBXFileReference section */

/* Begin PBXFrameworksBuildPhase section */
		804F799C2D2EC6D500F25083 /* Frameworks */ = {
			isa = PBXFrameworksBuildPhase;
			buildActionMask = 2147483647;
			files = (
			);
			runOnlyForDeploymentPostprocessing = 0;
		};
/* End PBXFrameworksBuildPhase section */

/* Begin PBXGroup section */
		804F79922D2EC6D400F25083 = {
			isa = PBXGroup;
			children = (
				804F79A32D2EC6D500F25083 /* WatchKit_test Watch App */,
				804F799A2D2EC6D500F25083 /* Products */,
			);
			sourceTree = "<group>";
		};
		804F799A2D2EC6D500F25083 /* Products */ = {
			isa = PBXGroup;
			children = (
				804F79992D2EC6D500F25083 /* WatchKit_test.app */,
				804F799F2D2EC6D500F25083 /* WatchKit_test Watch App.app */,
			);
			name = Products;
			sourceTree = "<group>";
		};
		804F79A32D2EC6D500F25083 /* WatchKit_test Watch App */ = {
			isa = PBXGroup;
			children = (
				804F79A42D2EC6D500F25083 /* WatchKit_testApp.swift */,
				804F79A62D2EC6D500F25083 /* ContentView.swift */,
				804F79A82D2EC71900F25083 /* Assets.xcassets */,
				804F79AA2D2EC71900F25083 /* Preview Content */,
			);
			path = "WatchKit_test Watch App";
			sourceTree = "<group>";
		};
		804F79AA2D2EC71900F25083 /* Preview Content */ = {
			isa = PBXGroup;
			children = (
				804F79AB2D2EC71900F25083 /* Preview Assets.xcassets */,
			);
			path = "Preview Content";
			sourceTree = "<group>";
		};
/* End PBXGroup section */

/* Begin PBXNativeTarget section */
		804F79982D2EC6D500F25083 /* WatchKit_test */ = {
			isa = PBXNativeTarget;
			buildConfigurationList = 804F79B32D2EC71A00F25083 /* Build configuration list for PBXNativeTarget "WatchKit_test" */;
			buildPhases = (
				804F79972D2EC6D500F25083 /* Resources */,
				804F79B22D2EC71A00F25083 /* Embed Watch Content */,
			);
			buildRules = (
			);
			dependencies = (
				804F79A22D2EC6D500F25083 /* PBXTargetDependency */,
			);
			name = WatchKit_test;
			productName = WatchKit_test;
			productReference = 804F79992D2EC6D500F25083 /* WatchKit_test.app */;
			productType = "com.apple.product-type.application.watchapp2-container";
		};
		804F799E2D2EC6D500F25083 /* WatchKit_test Watch App */ = {
			isa = PBXNativeTarget;
			buildConfigurationList = 804F79AF2D2EC71A00F25083 /* Build configuration list for PBXNativeTarget "WatchKit_test Watch App" */;
			buildPhases = (
				804F799B2D2EC6D500F25083 /* Sources */,
				804F799C2D2EC6D500F25083 /* Frameworks */,
				804F799D2D2EC6D500F25083 /* Resources */,
			);
			buildRules = (
			);
			dependencies = (
			);
			name = "WatchKit_test Watch App";
			productName = "WatchKit_test Watch App";
			productReference = 804F799F2D2EC6D500F25083 /* WatchKit_test Watch App.app */;
			productType = "com.apple.product-type.application";
		};
/* End PBXNativeTarget section */

/* Begin PBXProject section */
		804F79932D2EC6D400F25083 /* Project object */ = {
			isa = PBXProject;
			attributes = {
				BuildIndependentTargetsInParallel = 1;
				LastSwiftUpdateCheck = 1530;
				LastUpgradeCheck = 1530;
				TargetAttributes = {
					804F79982D2EC6D500F25083 = {
						CreatedOnToolsVersion = 15.3;
					};
					804F799E2D2EC6D500F25083 = {
						CreatedOnToolsVersion = 15.3;
					};
				};
			};
			buildConfigurationList = 804F79962D2EC6D400F25083 /* Build configuration list for PBXProject "WatchKit_test" */;
			compatibilityVersion = "Xcode 14.0";
			developmentRegion = en;
			hasScannedForEncodings = 0;
			knownRegions = (
				en,
				Base,
			);
			mainGroup = 804F79922D2EC6D400F25083;
			productRefGroup = 804F799A2D2EC6D500F25083 /* Products */;
			projectDirPath = "";
			projectRoot = "";
			targets = (
				804F79982D2EC6D500F25083 /* WatchKit_test */,
				804F799E2D2EC6D500F25083 /* WatchKit_test Watch App */,
			);
		};
/* End PBXProject section */

/* Begin PBXResourcesBuildPhase section */
		804F79972D2EC6D500F25083 /* Resources */ = {
			isa = PBXResourcesBuildPhase;
			buildActionMask = 2147483647;
			files = (
			);
			runOnlyForDeploymentPostprocessing = 0;
		};
		804F799D2D2EC6D500F25083 /* Resources */ = {
			isa = PBXResourcesBuildPhase;
			buildActionMask = 2147483647;
			files = (
				804F79AC2D2EC71900F25083 /* Preview Assets.xcassets in Resources */,
				804F79A92D2EC71900F25083 /* Assets.xcassets in Resources */,
			);
			runOnlyForDeploymentPostprocessing = 0;
		};
/* End PBXResourcesBuildPhase section */

/* Begin PBXSourcesBuildPhase section */
		804F799B2D2EC6D500F25083 /* Sources */ = {
			isa = PBXSourcesBuildPhase;
			buildActionMask = 2147483647;
			files = (
				804F79A72D2EC6D500F25083 /* ContentView.swift in Sources */,
				804F79A52D2EC6D500F25083 /* WatchKit_testApp.swift in Sources */,
			);
			runOnlyForDeploymentPostprocessing = 0;
		};
/* End PBXSourcesBuildPhase section */

/* Begin PBXTargetDependency section */
		804F79A22D2EC6D500F25083 /* PBXTargetDependency */ = {
			isa = PBXTargetDependency;
			target = 804F799E2D2EC6D500F25083 /* WatchKit_test Watch App */;
			targetProxy = 804F79A12D2EC6D500F25083 /* PBXContainerItemProxy */;
		};
/* End PBXTargetDependency section */

/* Begin XCBuildConfiguration section */
		804F79AD2D2EC71A00F25083 /* Debug */ = {
			isa = XCBuildConfiguration;
			buildSettings = {
				ALWAYS_SEARCH_USER_PATHS = NO;
				ASSETCATALOG_COMPILER_GENERATE_SWIFT_ASSET_SYMBOL_EXTENSIONS = YES;
				CLANG_ANALYZER_NONNULL = YES;
				CLANG_ANALYZER_NUMBER_OBJECT_CONVERSION = YES_AGGRESSIVE;
				CLANG_CXX_LANGUAGE_STANDARD = "gnu++20";
				CLANG_ENABLE_MODULES = YES;
				CLANG_ENABLE_OBJC_ARC = YES;
				CLANG_ENABLE_OBJC_WEAK = YES;
				CLANG_WARN_BLOCK_CAPTURE_AUTORELEASING = YES;
				CLANG_WARN_BOOL_CONVERSION = YES;
				CLANG_WARN_COMMA = YES;
				CLANG_WARN_CONSTANT_CONVERSION = YES;
				CLANG_WARN_DEPRECATED_OBJC_IMPLEMENTATIONS = YES;
				CLANG_WARN_DIRECT_OBJC_ISA_USAGE = YES_ERROR;
				CLANG_WARN_DOCUMENTATION_COMMENTS = YES;
				CLANG_WARN_EMPTY_BODY = YES;
				CLANG_WARN_ENUM_CONVERSION = YES;
				CLANG_WARN_INFINITE_RECURSION = YES;
				CLANG_WARN_INT_CONVERSION = YES;
				CLANG_WARN_NON_LITERAL_NULL_CONVERSION = YES;
				CLANG_WARN_OBJC_IMPLICIT_RETAIN_SELF = YES;
				CLANG_WARN_OBJC_LITERAL_CONVERSION = YES;
				CLANG_WARN_OBJC_ROOT_CLASS = YES_ERROR;
				CLANG_WARN_QUOTED_INCLUDE_IN_FRAMEWORK_HEADER = YES;
				CLANG_WARN_RANGE_LOOP_ANALYSIS = YES;
				CLANG_WARN_STRICT_PROTOTYPES = YES;
				CLANG_WARN_SUSPICIOUS_MOVE = YES;
				CLANG_WARN_UNGUARDED_AVAILABILITY = YES_AGGRESSIVE;
				CLANG_WARN_UNREACHABLE_CODE = YES;
				CLANG_WARN__DUPLICATE_METHOD_MATCH = YES;
				COPY_PHASE_STRIP = NO;
				DEBUG_INFORMATION_FORMAT = dwarf;
				ENABLE_STRICT_OBJC_MSGSEND = YES;
				ENABLE_TESTABILITY = YES;
				ENABLE_USER_SCRIPT_SANDBOXING = YES;
				GCC_C_LANGUAGE_STANDARD = gnu17;
				GCC_DYNAMIC_NO_PIC = NO;
				GCC_NO_COMMON_BLOCKS = YES;
				GCC_OPTIMIZATION_LEVEL = 0;
				GCC_PREPROCESSOR_DEFINITIONS = (
					"DEBUG=1",
					"$(inherited)",
				);
				GCC_WARN_64_TO_32_BIT_CONVERSION = YES;
				GCC_WARN_ABOUT_RETURN_TYPE = YES_ERROR;
				GCC_WARN_UNDECLARED_SELECTOR = YES;
				GCC_WARN_UNINITIALIZED_AUTOS = YES_AGGRESSIVE;
				GCC_WARN_UNUSED_FUNCTION = YES;
				GCC_WARN_UNUSED_VARIABLE = YES;
				LOCALIZATION_PREFERS_STRING_CATALOGS = YES;
				MTL_ENABLE_DEBUG_INFO = INCLUDE_SOURCE;
				MTL_FAST_MATH = YES;
				ONLY_ACTIVE_ARCH = YES;
				SWIFT_ACTIVE_COMPILATION_CONDITIONS = "DEBUG $(inherited)";
				SWIFT_OPTIMIZATION_LEVEL = "-Onone";
			};
			name = Debug;
		};
		804F79AE2D2EC71A00F25083 /* Release */ = {
			isa = XCBuildConfiguration;
			buildSettings = {
				ALWAYS_SEARCH_USER_PATHS = NO;
				ASSETCATALOG_COMPILER_GENERATE_SWIFT_ASSET_SYMBOL_EXTENSIONS = YES;
				CLANG_ANALYZER_NONNULL = YES;
				CLANG_ANALYZER_NUMBER_OBJECT_CONVERSION = YES_AGGRESSIVE;
				CLANG_CXX_LANGUAGE_STANDARD = "gnu++20";
				CLANG_ENABLE_MODULES = YES;
				CLANG_ENABLE_OBJC_ARC = YES;
				CLANG_ENABLE_OBJC_WEAK = YES;
				CLANG_WARN_BLOCK_CAPTURE_AUTORELEASING = YES;
				CLANG_WARN_BOOL_CONVERSION = YES;
				CLANG_WARN_COMMA = YES;
				CLANG_WARN_CONSTANT_CONVERSION = YES;
				CLANG_WARN_DEPRECATED_OBJC_IMPLEMENTATIONS = YES;
				CLANG_WARN_DIRECT_OBJC_ISA_USAGE = YES_ERROR;
				CLANG_WARN_DOCUMENTATION_COMMENTS = YES;
				CLANG_WARN_EMPTY_BODY = YES;
				CLANG_WARN_ENUM_CONVERSION = YES;
				CLANG_WARN_INFINITE_RECURSION = YES;
				CLANG_WARN_INT_CONVERSION = YES;
				CLANG_WARN_NON_LITERAL_NULL_CONVERSION = YES;
				CLANG_WARN_OBJC_IMPLICIT_RETAIN_SELF = YES;
				CLANG_WARN_OBJC_LITERAL_CONVERSION = YES;
				CLANG_WARN_OBJC_ROOT_CLASS = YES_ERROR;
				CLANG_WARN_QUOTED_INCLUDE_IN_FRAMEWORK_HEADER = YES;
				CLANG_WARN_RANGE_LOOP_ANALYSIS = YES;
				CLANG_WARN_STRICT_PROTOTYPES = YES;
				CLANG_WARN_SUSPICIOUS_MOVE = YES;
				CLANG_WARN_UNGUARDED_AVAILABILITY = YES_AGGRESSIVE;
				CLANG_WARN_UNREACHABLE_CODE = YES;
				CLANG_WARN__DUPLICATE_METHOD_MATCH = YES;
				COPY_PHASE_STRIP = NO;
				DEBUG_INFORMATION_FORMAT = "dwarf-with-dsym";
				ENABLE_NS_ASSERTIONS = NO;
				ENABLE_STRICT_OBJC_MSGSEND = YES;
				ENABLE_USER_SCRIPT_SANDBOXING = YES;
				GCC_C_LANGUAGE_STANDARD = gnu17;
				GCC_NO_COMMON_BLOCKS = YES;
				GCC_WARN_64_TO_32_BIT_CONVERSION = YES;
				GCC_WARN_ABOUT_RETURN_TYPE = YES_ERROR;
				GCC_WARN_UNDECLARED_SELECTOR = YES;
				GCC_WARN_UNINITIALIZED_AUTOS = YES_AGGRESSIVE;
				GCC_WARN_UNUSED_FUNCTION = YES;
				GCC_WARN_UNUSED_VARIABLE = YES;
				LOCALIZATION_PREFERS_STRING_CATALOGS = YES;
				MTL_ENABLE_DEBUG_INFO = NO;
				MTL_FAST_MATH = YES;
				SWIFT_COMPILATION_MODE = wholemodule;
			};
			name = Release;
		};
		804F79B02D2EC71A00F25083 /* Debug */ = {
			isa = XCBuildConfiguration;
			buildSettings = {
				ASSETCATALOG_COMPILER_APPICON_NAME = AppIcon;
				ASSETCATALOG_COMPILER_GLOBAL_ACCENT_COLOR_NAME = AccentColor;
				CODE_SIGN_STYLE = Automatic;
				CURRENT_PROJECT_VERSION = 1;
				DEVELOPMENT_ASSET_PATHS = "\"WatchKit_test Watch App/Preview Content\"";
				DEVELOPMENT_TEAM = 6883D837G9;
				ENABLE_PREVIEWS = YES;
				GENERATE_INFOPLIST_FILE = YES;
				INFOPLIST_KEY_CFBundleDisplayName = WatchKit_test;
				INFOPLIST_KEY_UISupportedInterfaceOrientations = "UIInterfaceOrientationPortrait UIInterfaceOrientationPortraitUpsideDown";
				INFOPLIST_KEY_WKWatchOnly = YES;
				LD_RUNPATH_SEARCH_PATHS = (
					"$(inherited)",
					"@executable_path/Frameworks",
				);
				MARKETING_VERSION = 1.0;
				PRODUCT_BUNDLE_IDENTIFIER = "app.kanai.natsuki.WatchKit-test.watchkitapp";
				PRODUCT_NAME = "$(TARGET_NAME)";
				SDKROOT = watchos;
				SKIP_INSTALL = YES;
				SWIFT_EMIT_LOC_STRINGS = YES;
				SWIFT_VERSION = 5.0;
				TARGETED_DEVICE_FAMILY = 4;
				WATCHOS_DEPLOYMENT_TARGET = 10.4;
			};
			name = Debug;
		};
		804F79B12D2EC71A00F25083 /* Release */ = {
			isa = XCBuildConfiguration;
			buildSettings = {
				ASSETCATALOG_COMPILER_APPICON_NAME = AppIcon;
				ASSETCATALOG_COMPILER_GLOBAL_ACCENT_COLOR_NAME = AccentColor;
				CODE_SIGN_STYLE = Automatic;
				CURRENT_PROJECT_VERSION = 1;
				DEVELOPMENT_ASSET_PATHS = "\"WatchKit_test Watch App/Preview Content\"";
				DEVELOPMENT_TEAM = 6883D837G9;
				ENABLE_PREVIEWS = YES;
				GENERATE_INFOPLIST_FILE = YES;
				INFOPLIST_KEY_CFBundleDisplayName = WatchKit_test;
				INFOPLIST_KEY_UISupportedInterfaceOrientations = "UIInterfaceOrientationPortrait UIInterfaceOrientationPortraitUpsideDown";
				INFOPLIST_KEY_WKWatchOnly = YES;
				LD_RUNPATH_SEARCH_PATHS = (
					"$(inherited)",
					"@executable_path/Frameworks",
				);
				MARKETING_VERSION = 1.0;
				PRODUCT_BUNDLE_IDENTIFIER = "app.kanai.natsuki.WatchKit-test.watchkitapp";
				PRODUCT_NAME = "$(TARGET_NAME)";
				SDKROOT = watchos;
				SKIP_INSTALL = YES;
				SWIFT_EMIT_LOC_STRINGS = YES;
				SWIFT_VERSION = 5.0;
				TARGETED_DEVICE_FAMILY = 4;
				VALIDATE_PRODUCT = YES;
				WATCHOS_DEPLOYMENT_TARGET = 10.4;
			};
			name = Release;
		};
		804F79B42D2EC71A00F25083 /* Debug */ = {
			isa = XCBuildConfiguration;
			buildSettings = {
				ALWAYS_EMBED_SWIFT_STANDARD_LIBRARIES = YES;
				CODE_SIGN_STYLE = Automatic;
				CURRENT_PROJECT_VERSION = 1;
				DEVELOPMENT_TEAM = ZT33SY55VZ;
				INFOPLIST_KEY_CFBundleDisplayName = WatchKit_test;
				MARKETING_VERSION = 1.0;
				PRODUCT_BUNDLE_IDENTIFIER = "app.kanai.natsuki.WatchKit-test";
				PRODUCT_NAME = "$(TARGET_NAME)";
				SDKROOT = iphoneos;
				SWIFT_VERSION = 5.0;
			};
			name = Debug;
		};
		804F79B52D2EC71A00F25083 /* Release */ = {
			isa = XCBuildConfiguration;
			buildSettings = {
				ALWAYS_EMBED_SWIFT_STANDARD_LIBRARIES = YES;
				CODE_SIGN_STYLE = Automatic;
				CURRENT_PROJECT_VERSION = 1;
				DEVELOPMENT_TEAM = ZT33SY55VZ;
				INFOPLIST_KEY_CFBundleDisplayName = WatchKit_test;
				MARKETING_VERSION = 1.0;
				PRODUCT_BUNDLE_IDENTIFIER = "app.kanai.natsuki.WatchKit-test";
				PRODUCT_NAME = "$(TARGET_NAME)";
				SDKROOT = iphoneos;
				SWIFT_VERSION = 5.0;
				VALIDATE_PRODUCT = YES;
			};
			name = Release;
		};
/* End XCBuildConfiguration section */

/* Begin XCConfigurationList section */
		804F79962D2EC6D400F25083 /* Build configuration list for PBXProject "WatchKit_test" */ = {
			isa = XCConfigurationList;
			buildConfigurations = (
				804F79AD2D2EC71A00F25083 /* Debug */,
				804F79AE2D2EC71A00F25083 /* Release */,
			);
			defaultConfigurationIsVisible = 0;
			defaultConfigurationName = Release;
		};
		804F79AF2D2EC71A00F25083 /* Build configuration list for PBXNativeTarget "WatchKit_test Watch App" */ = {
			isa = XCConfigurationList;
			buildConfigurations = (
				804F79B02D2EC71A00F25083 /* Debug */,
				804F79B12D2EC71A00F25083 /* Release */,
			);
			defaultConfigurationIsVisible = 0;
			defaultConfigurationName = Release;
		};
		804F79B32D2EC71A00F25083 /* Build configuration list for PBXNativeTarget "WatchKit_test" */ = {
			isa = XCConfigurationList;
			buildConfigurations = (
				804F79B42D2EC71A00F25083 /* Debug */,
				804F79B52D2EC71A00F25083 /* Release */,
			);
			defaultConfigurationIsVisible = 0;
			defaultConfigurationName = Release;
		};
/* End XCConfigurationList section */
	};
	rootObject = 804F79932D2EC6D400F25083 /* Project object */;
}
